
Microsoft Visual Studio Solution File, Format Version 12.00
# Visual Studio 2013
VisualStudioVersion = 12.0.40629.0
MinimumVisualStudioVersion = 10.0.40219.1
Project("{FAE04EC0-301F-11D3-BF4B-00C04F79EFBC}") = "WF", "WF\WF.csproj", "{AC4033A3-2313-487D-8A5A-2A79492560A2}"
EndProject
Project("{2150E333-8FDC-42A3-9474-1A3956D46DE8}") = "Base", "Base", "{6DEC33F1-7665-4168-B519-59D61AFACF96}"
EndProject
Project("{2150E333-8FDC-42A3-9474-1A3956D46DE8}") = "Test", "Test", "{8CE3D5CB-7205-4F0A-8017-E5B528D48672}"
EndProject
Project("{FAE04EC0-301F-11D3-BF4B-00C04F79EFBC}") = "WF.Tests", "WF.Test\WF.Tests.csproj", "{2CC58F77-CBD7-4A7A-A651-91F56FC1E417}"
EndProject
Project("{FAE04EC0-301F-11D3-BF4B-00C04F79EFBC}") = "WF.Model", "WF.Model\WF.Model.csproj", "{2928D68B-E8AA-46CE-9C42-FDA47F4EE713}"
EndProject
Project("{FAE04EC0-301F-11D3-BF4B-00C04F79EFBC}") = "WF.Base", "WF.Base\WF.Base.csproj", "{756B025D-1285-4CF5-8585-2AA983B44832}"
EndProject
Project("{FAE04EC0-301F-11D3-BF4B-00C04F79EFBC}") = "WF.WebAPI.Base", "WF.WebAPI.Base\WF.WebAPI.Base.csproj", "{C6C5A2BE-CEB5-408C-818F-263B656929BD}"
EndProject
Global
	GlobalSection(SolutionConfigurationPlatforms) = preSolution
		Debug|Any CPU = Debug|Any CPU
		Debug|ARM = Debug|ARM
		Debug|x64 = Debug|x64
		Debug|x86 = Debug|x86
		Release|Any CPU = Release|Any CPU
		Release|ARM = Release|ARM
		Release|x64 = Release|x64
		Release|x86 = Release|x86
	EndGlobalSection
	GlobalSection(ProjectConfigurationPlatforms) = postSolution
		{AC4033A3-2313-487D-8A5A-2A79492560A2}.Debug|Any CPU.ActiveCfg = Debug|Any CPU
		{AC4033A3-2313-487D-8A5A-2A79492560A2}.Debug|Any CPU.Build.0 = Debug|Any CPU
		{AC4033A3-2313-487D-8A5A-2A79492560A2}.Debug|ARM.ActiveCfg = Debug|Any CPU
		{AC4033A3-2313-487D-8A5A-2A79492560A2}.Debug|x64.ActiveCfg = Debug|Any CPU
		{AC4033A3-2313-487D-8A5A-2A79492560A2}.Debug|x86.ActiveCfg = Debug|Any CPU
		{AC4033A3-2313-487D-8A5A-2A79492560A2}.Release|Any CPU.ActiveCfg = Release|Any CPU
		{AC4033A3-2313-487D-8A5A-2A79492560A2}.Release|Any CPU.Build.0 = Release|Any CPU
		{AC4033A3-2313-487D-8A5A-2A79492560A2}.Release|ARM.ActiveCfg = Release|Any CPU
		{AC4033A3-2313-487D-8A5A-2A79492560A2}.Release|x64.ActiveCfg = Release|Any CPU
		{AC4033A3-2313-487D-8A5A-2A79492560A2}.Release|x86.ActiveCfg = Release|Any CPU
		{2CC58F77-CBD7-4A7A-A651-91F56FC1E417}.Debug|Any CPU.ActiveCfg = Debug|Any CPU
		{2CC58F77-CBD7-4A7A-A651-91F56FC1E417}.Debug|Any CPU.Build.0 = Debug|Any CPU
		{2CC58F77-CBD7-4A7A-A651-91F56FC1E417}.Debug|ARM.ActiveCfg = Debug|Any CPU
		{2CC58F77-CBD7-4A7A-A651-91F56FC1E417}.Debug|x64.ActiveCfg = Debug|Any CPU
		{2CC58F77-CBD7-4A7A-A651-91F56FC1E417}.Debug|x86.ActiveCfg = Debug|Any CPU
		{2CC58F77-CBD7-4A7A-A651-91F56FC1E417}.Release|Any CPU.ActiveCfg = Release|Any CPU
		{2CC58F77-CBD7-4A7A-A651-91F56FC1E417}.Release|Any CPU.Build.0 = Release|Any CPU
		{2CC58F77-CBD7-4A7A-A651-91F56FC1E417}.Release|ARM.ActiveCfg = Release|Any CPU
		{2CC58F77-CBD7-4A7A-A651-91F56FC1E417}.Release|x64.ActiveCfg = Release|Any CPU
		{2CC58F77-CBD7-4A7A-A651-91F56FC1E417}.Release|x86.ActiveCfg = Release|Any CPU
		{2928D68B-E8AA-46CE-9C42-FDA47F4EE713}.Debug|Any CPU.ActiveCfg = Debug|Any CPU
		{2928D68B-E8AA-46CE-9C42-FDA47F4EE713}.Debug|Any CPU.Build.0 = Debug|Any CPU
		{2928D68B-E8AA-46CE-9C42-FDA47F4EE713}.Debug|ARM.ActiveCfg = Debug|Any CPU
		{2928D68B-E8AA-46CE-9C42-FDA47F4EE713}.Debug|x64.ActiveCfg = Debug|Any CPU
		{2928D68B-E8AA-46CE-9C42-FDA47F4EE713}.Debug|x86.ActiveCfg = Debug|Any CPU
		{2928D68B-E8AA-46CE-9C42-FDA47F4EE713}.Release|Any CPU.ActiveCfg = Release|Any CPU
		{2928D68B-E8AA-46CE-9C42-FDA47F4EE713}.Release|Any CPU.Build.0 = Release|Any CPU
		{2928D68B-E8AA-46CE-9C42-FDA47F4EE713}.Release|ARM.ActiveCfg = Release|Any CPU
		{2928D68B-E8AA-46CE-9C42-FDA47F4EE713}.Release|x64.ActiveCfg = Release|Any CPU
		{2928D68B-E8AA-46CE-9C42-FDA47F4EE713}.Release|x86.ActiveCfg = Release|Any CPU
		{756B025D-1285-4CF5-8585-2AA983B44832}.Debug|Any CPU.ActiveCfg = Debug|Any CPU
		{756B025D-1285-4CF5-8585-2AA983B44832}.Debug|Any CPU.Build.0 = Debug|Any CPU
		{756B025D-1285-4CF5-8585-2AA983B44832}.Debug|ARM.ActiveCfg = Debug|Any CPU
		{756B025D-1285-4CF5-8585-2AA983B44832}.Debug|x64.ActiveCfg = Debug|Any CPU
		{756B025D-1285-4CF5-8585-2AA983B44832}.Debug|x86.ActiveCfg = Debug|Any CPU
		{756B025D-1285-4CF5-8585-2AA983B44832}.Release|Any CPU.ActiveCfg = Release|Any CPU
		{756B025D-1285-4CF5-8585-2AA983B44832}.Release|Any CPU.Build.0 = Release|Any CPU
		{756B025D-1285-4CF5-8585-2AA983B44832}.Release|ARM.ActiveCfg = Release|Any CPU
		{756B025D-1285-4CF5-8585-2AA983B44832}.Release|x64.ActiveCfg = Release|Any CPU
		{756B025D-1285-4CF5-8585-2AA983B44832}.Release|x86.ActiveCfg = Release|Any CPU
		{C6C5A2BE-CEB5-408C-818F-263B656929BD}.Debug|Any CPU.ActiveCfg = Debug|Any CPU
		{C6C5A2BE-CEB5-408C-818F-263B656929BD}.Debug|Any CPU.Build.0 = Debug|Any CPU
		{C6C5A2BE-CEB5-408C-818F-263B656929BD}.Debug|ARM.ActiveCfg = Debug|Any CPU
		{C6C5A2BE-CEB5-408C-818F-263B656929BD}.Debug|x64.ActiveCfg = Debug|Any CPU
		{C6C5A2BE-CEB5-408C-818F-263B656929BD}.Debug|x86.ActiveCfg = Debug|Any CPU
		{C6C5A2BE-CEB5-408C-818F-263B656929BD}.Release|Any CPU.ActiveCfg = Release|Any CPU
		{C6C5A2BE-CEB5-408C-818F-263B656929BD}.Release|Any CPU.Build.0 = Release|Any CPU
		{C6C5A2BE-CEB5-408C-818F-263B656929BD}.Release|ARM.ActiveCfg = Release|Any CPU
		{C6C5A2BE-CEB5-408C-818F-263B656929BD}.Release|x64.ActiveCfg = Release|Any CPU
		{C6C5A2BE-CEB5-408C-818F-263B656929BD}.Release|x86.ActiveCfg = Release|Any CPU
	EndGlobalSection
	GlobalSection(SolutionProperties) = preSolution
		HideSolutionNode = FALSE
	EndGlobalSection
	GlobalSection(NestedProjects) = preSolution
		{2CC58F77-CBD7-4A7A-A651-91F56FC1E417} = {8CE3D5CB-7205-4F0A-8017-E5B528D48672}
		{2928D68B-E8AA-46CE-9C42-FDA47F4EE713} = {6DEC33F1-7665-4168-B519-59D61AFACF96}
		{756B025D-1285-4CF5-8585-2AA983B44832} = {6DEC33F1-7665-4168-B519-59D61AFACF96}
		{C6C5A2BE-CEB5-408C-818F-263B656929BD} = {6DEC33F1-7665-4168-B519-59D61AFACF96}
	EndGlobalSection
EndGlobal
